Microsoft Visual Studio Solution File, Format Version 12.00
# Visual Studio Version 17
VisualStudioVersion = 17.5.2.0
MinimumVisualStudioVersion = 10.0.40219.1
Project("{FAE04EC0-301F-11D3-BF4B-00C04F79EFBC}") = "MusicPlayer", "MusicPlayer.csproj", "{BEE1CF12-487B-DDF7-9742-204CB85923B4}"
EndProject
Global
	GlobalSection(SolutionConfigurationPlatforms) = preSolution
		Debug|Any CPU = Debug|Any CPU
		Release|Any CPU = Release|Any CPU
	EndGlobalSection
	GlobalSection(ProjectConfigurationPlatforms) = postSolution
		{BEE1CF12-487B-DDF7-9742-204CB85923B4}.Debug|Any CPU.ActiveCfg = Debug|Any CPU
		{BEE1CF12-487B-DDF7-9742-204CB85923B4}.Debug|Any CPU.Build.0 = Debug|Any CPU
		{BEE1CF12-487B-DDF7-9742-204CB85923B4}.Release|Any CPU.ActiveCfg = Release|Any CPU
		{BEE1CF12-487B-DDF7-9742-204CB85923B4}.Release|Any CPU.Build.0 = Release|Any CPU
	EndGlobalSection
	GlobalSection(SolutionProperties) = preSolution
		HideSolutionNode = FALSE
	EndGlobalSection
	GlobalSection(ExtensibilityGlobals) = postSolution
		SolutionGuid = {E1D3909E-E85F-400F-B86A-39703F94C248}
	EndGlobalSection
EndGlobal
